
Microsoft Visual Studio Solution File, Format Version 12.00
# Visual Studio Version 17
VisualStudioVersion = 17.14.36811.4 d17.14
MinimumVisualStudioVersion = 10.0.40219.1
Project("{FAE04EC0-301F-11D3-BF4B-00C04F79EFBC}") = "Transact.Api", "Transact.Api\Transact.Api.csproj", "{82AFAA06-0E6A-4DF1-A9C0-210259BEC9B0}"
EndProject
Project("{FAE04EC0-301F-11D3-BF4B-00C04F79EFBC}") = "Transac.Domain", "Transac.Domain\Transac.Domain.csproj", "{CBE87F32-6DD4-4A58-AC20-D94FBF2F534C}"
EndProject
Project("{FAE04EC0-301F-11D3-BF4B-00C04F79EFBC}") = "Transact.Infrastructure", "Transact.Infrastructure\Transact.Infrastructure.csproj", "{2FE6AEDB-18DF-4415-A598-AD94272E861D}"
EndProject
Project("{FAE04EC0-301F-11D3-BF4B-00C04F79EFBC}") = "Transact.Application", "Transact.Application\Transact.Application.csproj", "{5567B781-1785-42B1-95FC-BA6D4D936BA2}"
EndProject
Global
	GlobalSection(SolutionConfigurationPlatforms) = preSolution
		Debug|Any CPU = Debug|Any CPU
		Release|Any CPU = Release|Any CPU
	EndGlobalSection
	GlobalSection(ProjectConfigurationPlatforms) = postSolution
		{82AFAA06-0E6A-4DF1-A9C0-210259BEC9B0}.Debug|Any CPU.ActiveCfg = Debug|Any CPU
		{82AFAA06-0E6A-4DF1-A9C0-210259BEC9B0}.Debug|Any CPU.Build.0 = Debug|Any CPU
		{82AFAA06-0E6A-4DF1-A9C0-210259BEC9B0}.Release|Any CPU.ActiveCfg = Release|Any CPU
		{82AFAA06-0E6A-4DF1-A9C0-210259BEC9B0}.Release|Any CPU.Build.0 = Release|Any CPU
		{CBE87F32-6DD4-4A58-AC20-D94FBF2F534C}.Debug|Any CPU.ActiveCfg = Debug|Any CPU
		{CBE87F32-6DD4-4A58-AC20-D94FBF2F534C}.Debug|Any CPU.Build.0 = Debug|Any CPU
		{CBE87F32-6DD4-4A58-AC20-D94FBF2F534C}.Release|Any CPU.ActiveCfg = Release|Any CPU
		{CBE87F32-6DD4-4A58-AC20-D94FBF2F534C}.Release|Any CPU.Build.0 = Release|Any CPU
		{2FE6AEDB-18DF-4415-A598-AD94272E861D}.Debug|Any CPU.ActiveCfg = Debug|Any CPU
		{2FE6AEDB-18DF-4415-A598-AD94272E861D}.Debug|Any CPU.Build.0 = Debug|Any CPU
		{2FE6AEDB-18DF-4415-A598-AD94272E861D}.Release|Any CPU.ActiveCfg = Release|Any CPU
		{2FE6AEDB-18DF-4415-A598-AD94272E861D}.Release|Any CPU.Build.0 = Release|Any CPU
		{5567B781-1785-42B1-95FC-BA6D4D936BA2}.Debug|Any CPU.ActiveCfg = Debug|Any CPU
		{5567B781-1785-42B1-95FC-BA6D4D936BA2}.Debug|Any CPU.Build.0 = Debug|Any CPU
		{5567B781-1785-42B1-95FC-BA6D4D936BA2}.Release|Any CPU.ActiveCfg = Release|Any CPU
		{5567B781-1785-42B1-95FC-BA6D4D936BA2}.Release|Any CPU.Build.0 = Release|Any CPU
	EndGlobalSection
	GlobalSection(SolutionProperties) = preSolution
		HideSolutionNode = FALSE
	EndGlobalSection
	GlobalSection(ExtensibilityGlobals) = postSolution
		SolutionGuid = {0F587078-7636-4E07-89A8-DA0EFEE5111E}
	EndGlobalSection
EndGlobal
